
Microsoft Visual Studio Solution File, Format Version 12.00
# Visual Studio Version 16
VisualStudioVersion = 16.0.31702.278
MinimumVisualStudioVersion = 10.0.40219.1
Project("{888888A0-9F3D-457C-B088-3A5042F75D52}") = "Burrinjuck Dam", "Burrinjuck Dam.pyproj", "{BFFE5DF6-947A-441A-9A0B-1F87135221A2}"
EndProject
Global
	GlobalSection(SolutionConfigurationPlatforms) = preSolution
		Debug|Any CPU = Debug|Any CPU
		Release|Any CPU = Release|Any CPU
	EndGlobalSection
	GlobalSection(ProjectConfigurationPlatforms) = postSolution
		{BFFE5DF6-947A-441A-9A0B-1F87135221A2}.Debug|Any CPU.ActiveCfg = Debug|Any CPU
		{BFFE5DF6-947A-441A-9A0B-1F87135221A2}.Release|Any CPU.ActiveCfg = Release|Any CPU
	EndGlobalSection
	GlobalSection(SolutionProperties) = preSolution
		HideSolutionNode = FALSE
	EndGlobalSection
	GlobalSection(ExtensibilityGlobals) = postSolution
		SolutionGuid = {7FFE3C80-C2BA-491D-895F-EB332FDD7657}
	EndGlobalSection
EndGlobal
